{
  "name": "zhong-wei",
  "version": "1.0.0",
  "lockfileVersion": 1,
  "requires": true,
  "dependencies": {
    "vee-validate": {
      "version": "2.1.0-beta.8",
      "resolved": "https://registry.npmjs.org/vee-validate/-/vee-validate-2.1.0-beta.8.tgz",
      "integrity": "sha512-kebM06EKj0VYvkX5wa7iD2alZIBPEHrIcNtMf3GdGQ+fvaG5FeSC5vXQxXRmmAPdDIoeOxyjAKqLZZvU5cy0RQ=="
    },
    "vuex": {
      "version": "3.0.1",
      "resolved": "https://registry.npmjs.org/vuex/-/vuex-3.0.1.tgz",
      "integrity": "sha512-wLoqz0B7DSZtgbWL1ShIBBCjv22GV5U+vcBFox658g6V0s4wZV9P4YjCNyoHSyIBpj1f29JBoNQIqD82cR4O3w=="
    }
  }
}
